[clocks]
sha256 = "59b8db7b6f3f8a72418510453c1fa9e437c7c7c2369c0bd5da83aa5d6d1d9b73"
sha512 = "06ce14bbf34d5588ed0c26bd932d46b3025c16723d5b4558def5b8107781b2251471c1f7170640342e3d4f78efb560d5ff6383c6a127c1d9e757e83db31a0185"

[core-libs]
path = "../../core-libs/wit"
sha256 = "3d771fb96b02f75a0344937da1bbbbe0b589d216baed941df687681526295f79"
sha512 = "e63ed879e1a638ca6008b841839e2b2c293a576b0d127ee2f8980f64b555b5a9ee612828ce99b84f9de7da84be3346190fe5a34f5f4f53c5b01f435c706440ad"
deps = ["clocks", "io", "sockets"]

[executor-types]
path = "packages/executor-types"
sha256 = "dd6b1998881194e04725cb9166aadc8a9fd5a1aac906ba3c96f878e82ffd0033"
sha512 = "26b93b519e494657a63ddafb1cd8d6539b23a3574c950b822ab2c452201050f9903d4fcdc6c7e79d8347daab0fcf39cd4e80af5677a99f2d2f08143f2a7190a3"

[io]
sha256 = "671761f464d312e6c26bcaab5e79fe14ac876b72267867579d5c65e053fe2301"
sha512 = "57e5ed34fa85f35899b324ac7a2473c5fa5cece51d07e6f077637191fadd3c8b6f79324d31a8d497a6ce7b92cfb2a2505ab894337e2c82889f1bdb21f4f24634"

[sockets]
sha256 = "4f98b623cb6ff6f02c2975cea615fa36de2087dc48e76c4865e0297499c005a1"
sha512 = "cf72b97c46913e752dff2d1c93d2c9bd87210d5714fe43d4eb93fb7512b1c786737e69b444521e77725e12a2689673da786bd0f3f94ce77bf7772671637d7878"
